
Microsoft Visual Studio Solution File, Format Version 12.00
# Visual Studio Version 16
VisualStudioVersion = 16.0.30907.101
MinimumVisualStudioVersion = 10.0.40219.1
Project("{FAE04EC0-301F-11D3-BF4B-00C04F79EFBC}") = "PictureIT", "PictureIT.csproj", "{24750D16-B5A0-45FC-BA78-940F126073BE}"
EndProject
Global
	GlobalSection(SolutionConfigurationPlatforms) = preSolution
		Debug|Any CPU = Debug|Any CPU
		Release|Any CPU = Release|Any CPU
	EndGlobalSection
	GlobalSection(ProjectConfigurationPlatforms) = postSolution
		{24750D16-B5A0-45FC-BA78-940F126073BE}.Debug|Any CPU.ActiveCfg = Debug|Any CPU
		{24750D16-B5A0-45FC-BA78-940F126073BE}.Debug|Any CPU.Build.0 = Debug|Any CPU
		{24750D16-B5A0-45FC-BA78-940F126073BE}.Release|Any CPU.ActiveCfg = Release|Any CPU
		{24750D16-B5A0-45FC-BA78-940F126073BE}.Release|Any CPU.Build.0 = Release|Any CPU
	EndGlobalSection
	GlobalSection(SolutionProperties) = preSolution
		HideSolutionNode = FALSE
	EndGlobalSection
	GlobalSection(ExtensibilityGlobals) = postSolution
		SolutionGuid = {1D468563-D0C1-4AD6-B168-EC9308F60EA4}
	EndGlobalSection
EndGlobal
